
Microsoft Visual Studio Solution File, Format Version 12.00
# Visual Studio Version 16
VisualStudioVersion = 16.0.31624.102
MinimumVisualStudioVersion = 10.0.40219.1
Project("{9A19103F-16F7-4668-BE54-9A1E7A4F7556}") = "Zaytsevaa.Lab7.Exercise1", "Zaytsevaa.Lab7.Exercise1\Zaytsevaa.Lab7.Exercise1.csproj", "{6F0A46E7-A6E3-4787-91CB-565454985EDB}"
EndProject
Project("{9A19103F-16F7-4668-BE54-9A1E7A4F7556}") = "Zaytsevaa.Lab7.Exercise1.Var2", "Zaytsevaa.Lab7.Exercise1.Var2\Zaytsevaa.Lab7.Exercise1.Var2.csproj", "{A47D1E41-A1B3-475F-ACFC-CE058BD8679D}"
EndProject
Project("{FAE04EC0-301F-11D3-BF4B-00C04F79EFBC}") = "Zaytsevaa.Lab7.Exercise2", "Zaytsevaa.Lab7.Exercise2\Zaytsevaa.Lab7.Exercise2.csproj", "{CA44F313-C3C9-44D1-B331-48C48802CDDB}"
EndProject
Global
	GlobalSection(SolutionConfigurationPlatforms) = preSolution
		Debug|Any CPU = Debug|Any CPU
		Release|Any CPU = Release|Any CPU
	EndGlobalSection
	GlobalSection(ProjectConfigurationPlatforms) = postSolution
		{6F0A46E7-A6E3-4787-91CB-565454985EDB}.Debug|Any CPU.ActiveCfg = Debug|Any CPU
		{6F0A46E7-A6E3-4787-91CB-565454985EDB}.Debug|Any CPU.Build.0 = Debug|Any CPU
		{6F0A46E7-A6E3-4787-91CB-565454985EDB}.Release|Any CPU.ActiveCfg = Release|Any CPU
		{6F0A46E7-A6E3-4787-91CB-565454985EDB}.Release|Any CPU.Build.0 = Release|Any CPU
		{A47D1E41-A1B3-475F-ACFC-CE058BD8679D}.Debug|Any CPU.ActiveCfg = Debug|Any CPU
		{A47D1E41-A1B3-475F-ACFC-CE058BD8679D}.Debug|Any CPU.Build.0 = Debug|Any CPU
		{A47D1E41-A1B3-475F-ACFC-CE058BD8679D}.Release|Any CPU.ActiveCfg = Release|Any CPU
		{A47D1E41-A1B3-475F-ACFC-CE058BD8679D}.Release|Any CPU.Build.0 = Release|Any CPU
		{CA44F313-C3C9-44D1-B331-48C48802CDDB}.Debug|Any CPU.ActiveCfg = Debug|Any CPU
		{CA44F313-C3C9-44D1-B331-48C48802CDDB}.Debug|Any CPU.Build.0 = Debug|Any CPU
		{CA44F313-C3C9-44D1-B331-48C48802CDDB}.Release|Any CPU.ActiveCfg = Release|Any CPU
		{CA44F313-C3C9-44D1-B331-48C48802CDDB}.Release|Any CPU.Build.0 = Release|Any CPU
	EndGlobalSection
	GlobalSection(SolutionProperties) = preSolution
		HideSolutionNode = FALSE
	EndGlobalSection
	GlobalSection(ExtensibilityGlobals) = postSolution
		SolutionGuid = {410E7703-7530-49BA-AF0A-340017F8EFD1}
	EndGlobalSection
EndGlobal
